// !$*UTF8*$!
{
	archiveVersion = 1;
	classes = {
	};
	objectVersion = 77;
	objects = {

/* Begin PBXBuildFile section */
		58FFD94B2EF2900D00C0A7DB /* Info-Template.plist in Resources */ = {isa = PBXBuildFile; fileRef = 58FFD93F2EF2900D00C0A7DB /* Info-Template.plist */; };
		58FFD94C2EF2900D00C0A7DB /* Assets.xcassets in Resources */ = {isa = PBXBuildFile; fileRef = 58FFD9492EF2900D00C0A7DB /* Assets.xcassets */; };
		58FFD94D2EF2900D00C0A7DB /* BudsApp.swift in Sources */ = {isa = PBXBuildFile; fileRef = 58FFD9282EF2900D00C0A7DB /* BudsApp.swift */; };
		58FFD94E2EF2900D00C0A7DB /* CBORCanonical.swift in Sources */ = {isa = PBXBuildFile; fileRef = 58FFD92A2EF2900D00C0A7DB /* CBORCanonical.swift */; };
		58FFD94F2EF2900D00C0A7DB /* CBOREncoder.swift in Sources */ = {isa = PBXBuildFile; fileRef = 58FFD92B2EF2900D00C0A7DB /* CBOREncoder.swift */; };
		58FFD9502EF2900D00C0A7DB /* CBORValue.swift in Sources */ = {isa = PBXBuildFile; fileRef = 58FFD92C2EF2900D00C0A7DB /* CBORValue.swift */; };
		58FFD9512EF2900D00C0A7DB /* IdentityManager.swift in Sources */ = {isa = PBXBuildFile; fileRef = 58FFD92D2EF2900D00C0A7DB /* IdentityManager.swift */; };
		58FFD9522EF2900D00C0A7DB /* ReceiptCanonicalizer.swift in Sources */ = {isa = PBXBuildFile; fileRef = 58FFD92E2EF2900D00C0A7DB /* ReceiptCanonicalizer.swift */; };
		58FFD9532EF2900D00C0A7DB /* ReceiptManager.swift in Sources */ = {isa = PBXBuildFile; fileRef = 58FFD92F2EF2900D00C0A7DB /* ReceiptManager.swift */; };
		58FFD9542EF2900D00C0A7DB /* MemoryRepository.swift in Sources */ = {isa = PBXBuildFile; fileRef = 58FFD9312EF2900D00C0A7DB /* MemoryRepository.swift */; };
		58FFD9552EF2900D00C0A7DB /* Database.swift in Sources */ = {isa = PBXBuildFile; fileRef = 58FFD9332EF2900D00C0A7DB /* Database.swift */; };
		58FFD9562EF2900D00C0A7DB /* Memory.swift in Sources */ = {isa = PBXBuildFile; fileRef = 58FFD9352EF2900D00C0A7DB /* Memory.swift */; };
		58FFD9572EF2900D00C0A7DB /* UCRHeader.swift in Sources */ = {isa = PBXBuildFile; fileRef = 58FFD9362EF2900D00C0A7DB /* UCRHeader.swift */; };
		58FFD9582EF2900D00C0A7DB /* CreateMemoryView.swift in Sources */ = {isa = PBXBuildFile; fileRef = 58FFD9392EF2900D00C0A7DB /* CreateMemoryView.swift */; };
		58FFD9592EF2900D00C0A7DB /* TimelineView.swift in Sources */ = {isa = PBXBuildFile; fileRef = 58FFD93B2EF2900D00C0A7DB /* TimelineView.swift */; };
		58FFD95A2EF2900D00C0A7DB /* MainTabView.swift in Sources */ = {isa = PBXBuildFile; fileRef = 58FFD93D2EF2900D00C0A7DB /* MainTabView.swift */; };
		58FFD95B2EF2900D00C0A7DB /* Colors.swift in Sources */ = {isa = PBXBuildFile; fileRef = 58FFD9412EF2900D00C0A7DB /* Colors.swift */; };
		58FFD95C2EF2900D00C0A7DB /* Spacing.swift in Sources */ = {isa = PBXBuildFile; fileRef = 58FFD9422EF2900D00C0A7DB /* Spacing.swift */; };
		58FFD95D2EF2900D00C0A7DB /* Typography.swift in Sources */ = {isa = PBXBuildFile; fileRef = 58FFD9432EF2900D00C0A7DB /* Typography.swift */; };
		58FFD95E2EF2900D00C0A7DB /* EffectTag.swift in Sources */ = {isa = PBXBuildFile; fileRef = 58FFD9452EF2900D00C0A7DB /* EffectTag.swift */; };
		58FFD95F2EF2900D00C0A7DB /* MemoryCard.swift in Sources */ = {isa = PBXBuildFile; fileRef = 58FFD9462EF2900D00C0A7DB /* MemoryCard.swift */; };
		58FFD9622EF2907500C0A7DB /* GRDB in Frameworks */ = {isa = PBXBuildFile; productRef = 58FFD9612EF2907500C0A7DB /* GRDB */; };
		58FFD9652EF291B100C0A7DB /* FirebaseAuth in Frameworks */ = {isa = PBXBuildFile; productRef = 58FFD9642EF291B100C0A7DB /* FirebaseAuth */; };
		58FFD9672EF291B100C0A7DB /* FirebaseMessaging in Frameworks */ = {isa = PBXBuildFile; productRef = 58FFD9662EF291B100C0A7DB /* FirebaseMessaging */; };
		58FFD9782EF345DB00C0A7DB /* PhotoPicker.swift in Sources */ = {isa = PBXBuildFile; fileRef = 58FFD9772EF345DB00C0A7DB /* PhotoPicker.swift */; };
		58FFD97C2EF3462500C0A7DB /* MemoryDetailView.swift in Sources */ = {isa = PBXBuildFile; fileRef = 58FFD97B2EF3462500C0A7DB /* MemoryDetailView.swift */; };
		58FFD9822EF3470A00C0A7DB /* ImageCarousel.swift in Sources */ = {isa = PBXBuildFile; fileRef = 58FFD9812EF3470A00C0A7DB /* ImageCarousel.swift */; };
		58FFD9892EF4BB2800C0A7DB /* AuthManager.swift in Sources */ = {isa = PBXBuildFile; fileRef = 58FFD9882EF4BB2800C0A7DB /* AuthManager.swift */; };
		58FFD98C2EF4BBA300C0A7DB /* PhoneAuthView.swift in Sources */ = {isa = PBXBuildFile; fileRef = 58FFD98A2EF4BBA300C0A7DB /* PhoneAuthView.swift */; };
		58FFD98F2EF4BBB600C0A7DB /* ProfileView.swift in Sources */ = {isa = PBXBuildFile; fileRef = 58FFD98D2EF4BBB600C0A7DB /* ProfileView.swift */; };
		58FFD9912EF5C80500C0A7DB /* GoogleService-Info.plist in Resources */ = {isa = PBXBuildFile; fileRef = 58FFD9902EF5C80500C0A7DB /* GoogleService-Info.plist */; };
		58FFD9942EF71BFE00C0A7DB /* CircleMember.swift in Sources */ = {isa = PBXBuildFile; fileRef = 58FFD9922EF71BFE00C0A7DB /* CircleMember.swift */; };
		58FFD9952EF71BFE00C0A7DB /* Device.swift in Sources */ = {isa = PBXBuildFile; fileRef = 58FFD9932EF71BFE00C0A7DB /* Device.swift */; };
		58FFD9972EF71C1100C0A7DB /* CircleManager.swift in Sources */ = {isa = PBXBuildFile; fileRef = 58FFD9962EF71C1100C0A7DB /* CircleManager.swift */; };
		58FFD99C2EF71C2900C0A7DB /* MemberDetailView.swift in Sources */ = {isa = PBXBuildFile; fileRef = 58FFD99A2EF71C2900C0A7DB /* MemberDetailView.swift */; };
		58FFD99D2EF71C2900C0A7DB /* CircleView.swift in Sources */ = {isa = PBXBuildFile; fileRef = 58FFD9992EF71C2900C0A7DB /* CircleView.swift */; };
		58FFD99E2EF71C2900C0A7DB /* AddMemberView.swift in Sources */ = {isa = PBXBuildFile; fileRef = 58FFD9982EF71C2900C0A7DB /* AddMemberView.swift */; };
		58FFD9A12EFA2DF900C0A7DB /* ShareManager.swift in Sources */ = {isa = PBXBuildFile; fileRef = 58FFD9A02EFA2DF900C0A7DB /* ShareManager.swift */; };
		58FFD9A22EFA2DF900C0A7DB /* RelayClient.swift in Sources */ = {isa = PBXBuildFile; fileRef = 58FFD99F2EFA2DF900C0A7DB /* RelayClient.swift */; };
		58FFD9A52EFA2E2B00C0A7DB /* DeviceManager.swift in Sources */ = {isa = PBXBuildFile; fileRef = 58FFD9A32EFA2E2B00C0A7DB /* DeviceManager.swift */; };
		58FFD9A62EFA2E2B00C0A7DB /* E2EEManager.swift in Sources */ = {isa = PBXBuildFile; fileRef = 58FFD9A42EFA2E2B00C0A7DB /* E2EEManager.swift */; };
		58FFD9AB2EFA2E6600C0A7DB /* ShareToCircleView.swift in Sources */ = {isa = PBXBuildFile; fileRef = 58FFD9A92EFA2E6600C0A7DB /* ShareToCircleView.swift */; };
		58FFD9AD2EFC945600C0A7DB /* InboxManager.swift in Sources */ = {isa = PBXBuildFile; fileRef = 58FFD9AC2EFC945600C0A7DB /* InboxManager.swift */; };
		58FFD9AF2EFCD9F200C0A7DB /* CBORDecoder.swift in Sources */ = {isa = PBXBuildFile; fileRef = 58FFD9AE2EFCD9F200C0A7DB /* CBORDecoder.swift */; };
		58FFD9B12EFCDA2400C0A7DB /* EncryptedMessage.swift in Sources */ = {isa = PBXBuildFile; fileRef = 58FFD9B02EFCDA2400C0A7DB /* EncryptedMessage.swift */; };
/* End PBXBuildFile section */

/* Begin PBXContainerItemProxy section */
		58FFD8D72EF28ED100C0A7DB /* PBXContainerItemProxy */ = {
			isa = PBXContainerItemProxy;
			containerPortal = 58FFD8C12EF28ECE00C0A7DB /* Project object */;
			proxyType = 1;
			remoteGlobalIDString = 58FFD8C82EF28ECE00C0A7DB;
			remoteInfo = Buds;
		};
		58FFD8E12EF28ED100C0A7DB /* PBXContainerItemProxy */ = {
			isa = PBXContainerItemProxy;
			containerPortal = 58FFD8C12EF28ECE00C0A7DB /* Project object */;
			proxyType = 1;
			remoteGlobalIDString = 58FFD8C82EF28ECE00C0A7DB;
			remoteInfo = Buds;
		};
/* End PBXContainerItemProxy section */

/* Begin PBXFileReference section */
		58FFD8C92EF28ECE00C0A7DB /* Buds.app */ = {isa = PBXFileReference; explicitFileType = wrapper.application; includeInIndex = 0; path = Buds.app; sourceTree = BUILT_PRODUCTS_DIR; };
		58FFD8D62EF28ED100C0A7DB /* BudsTests.xctest */ = {isa = PBXFileReference; explicitFileType = wrapper.cfbundle; includeInIndex = 0; path = BudsTests.xctest; sourceTree = BUILT_PRODUCTS_DIR; };
		58FFD8E02EF28ED100C0A7DB /* BudsUITests.xctest */ = {isa = PBXFileReference; explicitFileType = wrapper.cfbundle; includeInIndex = 0; path = BudsUITests.xctest; sourceTree = BUILT_PRODUCTS_DIR; };
		58FFD9282EF2900D00C0A7DB /* BudsApp.swift */ = {isa = PBXFileReference; lastKnownFileType = sourcecode.swift; path = BudsApp.swift; sourceTree = "<group>"; };
		58FFD92A2EF2900D00C0A7DB /* CBORCanonical.swift */ = {isa = PBXFileReference; lastKnownFileType = sourcecode.swift; path = CBORCanonical.swift; sourceTree = "<group>"; };
		58FFD92B2EF2900D00C0A7DB /* CBOREncoder.swift */ = {isa = PBXFileReference; lastKnownFileType = sourcecode.swift; path = CBOREncoder.swift; sourceTree = "<group>"; };
		58FFD92C2EF2900D00C0A7DB /* CBORValue.swift */ = {isa = PBXFileReference; lastKnownFileType = sourcecode.swift; path = CBORValue.swift; sourceTree = "<group>"; };
		58FFD92D2EF2900D00C0A7DB /* IdentityManager.swift */ = {isa = PBXFileReference; lastKnownFileType = sourcecode.swift; path = IdentityManager.swift; sourceTree = "<group>"; };
		58FFD92E2EF2900D00C0A7DB /* ReceiptCanonicalizer.swift */ = {isa = PBXFileReference; lastKnownFileType = sourcecode.swift; path = ReceiptCanonicalizer.swift; sourceTree = "<group>"; };
		58FFD92F2EF2900D00C0A7DB /* ReceiptManager.swift */ = {isa = PBXFileReference; lastKnownFileType = sourcecode.swift; path = ReceiptManager.swift; sourceTree = "<group>"; };
		58FFD9312EF2900D00C0A7DB /* MemoryRepository.swift */ = {isa = PBXFileReference; lastKnownFileType = sourcecode.swift; path = MemoryRepository.swift; sourceTree = "<group>"; };
		58FFD9332EF2900D00C0A7DB /* Database.swift */ = {isa = PBXFileReference; lastKnownFileType = sourcecode.swift; path = Database.swift; sourceTree = "<group>"; };
		58FFD9352EF2900D00C0A7DB /* Memory.swift */ = {isa = PBXFileReference; lastKnownFileType = sourcecode.swift; path = Memory.swift; sourceTree = "<group>"; };
		58FFD9362EF2900D00C0A7DB /* UCRHeader.swift */ = {isa = PBXFileReference; lastKnownFileType = sourcecode.swift; path = UCRHeader.swift; sourceTree = "<group>"; };
		58FFD9392EF2900D00C0A7DB /* CreateMemoryView.swift */ = {isa = PBXFileReference; lastKnownFileType = sourcecode.swift; path = CreateMemoryView.swift; sourceTree = "<group>"; };
		58FFD93B2EF2900D00C0A7DB /* TimelineView.swift */ = {isa = PBXFileReference; lastKnownFileType = sourcecode.swift; path = TimelineView.swift; sourceTree = "<group>"; };
		58FFD93D2EF2900D00C0A7DB /* MainTabView.swift */ = {isa = PBXFileReference; lastKnownFileType = sourcecode.swift; path = MainTabView.swift; sourceTree = "<group>"; };
		58FFD93F2EF2900D00C0A7DB /* Info-Template.plist */ = {isa = PBXFileReference; lastKnownFileType = text.plist.xml; path = "Info-Template.plist"; sourceTree = "<group>"; };
		58FFD9412EF2900D00C0A7DB /* Colors.swift */ = {isa = PBXFileReference; lastKnownFileType = sourcecode.swift; path = Colors.swift; sourceTree = "<group>"; };
		58FFD9422EF2900D00C0A7DB /* Spacing.swift */ = {isa = PBXFileReference; lastKnownFileType = sourcecode.swift; path = Spacing.swift; sourceTree = "<group>"; };
		58FFD9432EF2900D00C0A7DB /* Typography.swift */ = {isa = PBXFileReference; lastKnownFileType = sourcecode.swift; path = Typography.swift; sourceTree = "<group>"; };
		58FFD9452EF2900D00C0A7DB /* EffectTag.swift */ = {isa = PBXFileReference; lastKnownFileType = sourcecode.swift; path = EffectTag.swift; sourceTree = "<group>"; };
		58FFD9462EF2900D00C0A7DB /* MemoryCard.swift */ = {isa = PBXFileReference; lastKnownFileType = sourcecode.swift; path = MemoryCard.swift; sourceTree = "<group>"; };
		58FFD9492EF2900D00C0A7DB /* Assets.xcassets */ = {isa = PBXFileReference; lastKnownFileType = folder.assetcatalog; path = Assets.xcassets; sourceTree = "<group>"; };
		58FFD9772EF345DB00C0A7DB /* PhotoPicker.swift */ = {isa = PBXFileReference; lastKnownFileType = sourcecode.swift; path = PhotoPicker.swift; sourceTree = "<group>"; };
		58FFD97B2EF3462500C0A7DB /* MemoryDetailView.swift */ = {isa = PBXFileReference; lastKnownFileType = sourcecode.swift; path = MemoryDetailView.swift; sourceTree = "<group>"; };
		58FFD9812EF3470A00C0A7DB /* ImageCarousel.swift */ = {isa = PBXFileReference; lastKnownFileType = sourcecode.swift; path = ImageCarousel.swift; sourceTree = "<group>"; };
		58FFD9852EF4A19C00C0A7DB /* Buds.entitlements */ = {isa = PBXFileReference; lastKnownFileType = text.plist.entitlements; path = Buds.entitlements; sourceTree = "<group>"; };
		58FFD9882EF4BB2800C0A7DB /* AuthManager.swift */ = {isa = PBXFileReference; lastKnownFileType = sourcecode.swift; path = AuthManager.swift; sourceTree = "<group>"; };
		58FFD98A2EF4BBA300C0A7DB /* PhoneAuthView.swift */ = {isa = PBXFileReference; lastKnownFileType = sourcecode.swift; path = PhoneAuthView.swift; sourceTree = "<group>"; };
		58FFD98D2EF4BBB600C0A7DB /* ProfileView.swift */ = {isa = PBXFileReference; lastKnownFileType = sourcecode.swift; path = ProfileView.swift; sourceTree = "<group>"; };
		58FFD9902EF5C80500C0A7DB /* GoogleService-Info.plist */ = {isa = PBXFileReference; lastKnownFileType = text.plist.xml; path = "GoogleService-Info.plist"; sourceTree = "<group>"; };
		58FFD9922EF71BFE00C0A7DB /* CircleMember.swift */ = {isa = PBXFileReference; lastKnownFileType = sourcecode.swift; path = CircleMember.swift; sourceTree = "<group>"; };
		58FFD9932EF71BFE00C0A7DB /* Device.swift */ = {isa = PBXFileReference; lastKnownFileType = sourcecode.swift; path = Device.swift; sourceTree = "<group>"; };
		58FFD9962EF71C1100C0A7DB /* CircleManager.swift */ = {isa = PBXFileReference; lastKnownFileType = sourcecode.swift; path = CircleManager.swift; sourceTree = "<group>"; };
		58FFD9982EF71C2900C0A7DB /* AddMemberView.swift */ = {isa = PBXFileReference; lastKnownFileType = sourcecode.swift; path = AddMemberView.swift; sourceTree = "<group>"; };
		58FFD9992EF71C2900C0A7DB /* CircleView.swift */ = {isa = PBXFileReference; lastKnownFileType = sourcecode.swift; path = CircleView.swift; sourceTree = "<group>"; };
		58FFD99A2EF71C2900C0A7DB /* MemberDetailView.swift */ = {isa = PBXFileReference; lastKnownFileType = sourcecode.swift; path = MemberDetailView.swift; sourceTree = "<group>"; };
		58FFD99F2EFA2DF900C0A7DB /* RelayClient.swift */ = {isa = PBXFileReference; lastKnownFileType = sourcecode.swift; path = RelayClient.swift; sourceTree = "<group>"; };
		58FFD9A02EFA2DF900C0A7DB /* ShareManager.swift */ = {isa = PBXFileReference; lastKnownFileType = sourcecode.swift; path = ShareManager.swift; sourceTree = "<group>"; };
		58FFD9A32EFA2E2B00C0A7DB /* DeviceManager.swift */ = {isa = PBXFileReference; lastKnownFileType = sourcecode.swift; path = DeviceManager.swift; sourceTree = "<group>"; };
		58FFD9A42EFA2E2B00C0A7DB /* E2EEManager.swift */ = {isa = PBXFileReference; lastKnownFileType = sourcecode.swift; path = E2EEManager.swift; sourceTree = "<group>"; };
		58FFD9A92EFA2E6600C0A7DB /* ShareToCircleView.swift */ = {isa = PBXFileReference; lastKnownFileType = sourcecode.swift; path = ShareToCircleView.swift; sourceTree = "<group>"; };
		58FFD9AC2EFC945600C0A7DB /* InboxManager.swift */ = {isa = PBXFileReference; lastKnownFileType = sourcecode.swift; path = InboxManager.swift; sourceTree = "<group>"; };
		58FFD9AE2EFCD9F200C0A7DB /* CBORDecoder.swift */ = {isa = PBXFileReference; lastKnownFileType = sourcecode.swift; path = CBORDecoder.swift; sourceTree = "<group>"; };
		58FFD9B02EFCDA2400C0A7DB /* EncryptedMessage.swift */ = {isa = PBXFileReference; lastKnownFileType = sourcecode.swift; path = EncryptedMessage.swift; sourceTree = "<group>"; };
/* End PBXFileReference section */

/* Begin PBXFileSystemSynchronizedRootGroup section */
		58FFD8D92EF28ED100C0A7DB /* BudsTests */ = {
			isa = PBXFileSystemSynchronizedRootGroup;
			path = BudsTests;
			sourceTree = "<group>";
		};
		58FFD8E32EF28ED100C0A7DB /* BudsUITests */ = {
			isa = PBXFileSystemSynchronizedRootGroup;
			path = BudsUITests;
			sourceTree = "<group>";
		};
/* End PBXFileSystemSynchronizedRootGroup section */

/* Begin PBXFrameworksBuildPhase section */
		58FFD8C62EF28ECE00C0A7DB /* Frameworks */ = {
			isa = PBXFrameworksBuildPhase;
			buildActionMask = 2147483647;
			files = (
				58FFD9672EF291B100C0A7DB /* FirebaseMessaging in Frameworks */,
				58FFD9622EF2907500C0A7DB /* GRDB in Frameworks */,
				58FFD9652EF291B100C0A7DB /* FirebaseAuth in Frameworks */,
			);
			runOnlyForDeploymentPostprocessing = 0;
		};
		58FFD8D32EF28ED100C0A7DB /* Frameworks */ = {
			isa = PBXFrameworksBuildPhase;
			buildActionMask = 2147483647;
			files = (
			);
			runOnlyForDeploymentPostprocessing = 0;
		};
		58FFD8DD2EF28ED100C0A7DB /* Frameworks */ = {
			isa = PBXFrameworksBuildPhase;
			buildActionMask = 2147483647;
			files = (
			);
			runOnlyForDeploymentPostprocessing = 0;
		};
/* End PBXFrameworksBuildPhase section */

/* Begin PBXGroup section */
		58FFD8C02EF28ECE00C0A7DB = {
			isa = PBXGroup;
			children = (
				58FFD94A2EF2900D00C0A7DB /* Buds */,
				58FFD8D92EF28ED100C0A7DB /* BudsTests */,
				58FFD8E32EF28ED100C0A7DB /* BudsUITests */,
				58FFD8CA2EF28ECE00C0A7DB /* Products */,
			);
			sourceTree = "<group>";
		};
		58FFD8CA2EF28ECE00C0A7DB /* Products */ = {
			isa = PBXGroup;
			children = (
				58FFD8C92EF28ECE00C0A7DB /* Buds.app */,
				58FFD8D62EF28ED100C0A7DB /* BudsTests.xctest */,
				58FFD8E02EF28ED100C0A7DB /* BudsUITests.xctest */,
			);
			name = Products;
			sourceTree = "<group>";
		};
		58FFD9292EF2900D00C0A7DB /* App */ = {
			isa = PBXGroup;
			children = (
				58FFD9282EF2900D00C0A7DB /* BudsApp.swift */,
			);
			path = App;
			sourceTree = "<group>";
		};
		58FFD9302EF2900D00C0A7DB /* ChaingeKernel */ = {
			isa = PBXGroup;
			children = (
				58FFD9AE2EFCD9F200C0A7DB /* CBORDecoder.swift */,
				58FFD92A2EF2900D00C0A7DB /* CBORCanonical.swift */,
				58FFD92B2EF2900D00C0A7DB /* CBOREncoder.swift */,
				58FFD92C2EF2900D00C0A7DB /* CBORValue.swift */,
				58FFD92D2EF2900D00C0A7DB /* IdentityManager.swift */,
				58FFD92E2EF2900D00C0A7DB /* ReceiptCanonicalizer.swift */,
				58FFD92F2EF2900D00C0A7DB /* ReceiptManager.swift */,
			);
			path = ChaingeKernel;
			sourceTree = "<group>";
		};
		58FFD9322EF2900D00C0A7DB /* Repositories */ = {
			isa = PBXGroup;
			children = (
				58FFD9312EF2900D00C0A7DB /* MemoryRepository.swift */,
			);
			path = Repositories;
			sourceTree = "<group>";
		};
		58FFD9342EF2900D00C0A7DB /* Database */ = {
			isa = PBXGroup;
			children = (
				58FFD9322EF2900D00C0A7DB /* Repositories */,
				58FFD9332EF2900D00C0A7DB /* Database.swift */,
			);
			path = Database;
			sourceTree = "<group>";
		};
		58FFD9372EF2900D00C0A7DB /* Models */ = {
			isa = PBXGroup;
			children = (
				58FFD9B02EFCDA2400C0A7DB /* EncryptedMessage.swift */,
				58FFD9922EF71BFE00C0A7DB /* CircleMember.swift */,
				58FFD9932EF71BFE00C0A7DB /* Device.swift */,
				58FFD9352EF2900D00C0A7DB /* Memory.swift */,
				58FFD9362EF2900D00C0A7DB /* UCRHeader.swift */,
			);
			path = Models;
			sourceTree = "<group>";
		};
		58FFD9382EF2900D00C0A7DB /* Core */ = {
			isa = PBXGroup;
			children = (
				58FFD9AC2EFC945600C0A7DB /* InboxManager.swift */,
				58FFD9A32EFA2E2B00C0A7DB /* DeviceManager.swift */,
				58FFD9A42EFA2E2B00C0A7DB /* E2EEManager.swift */,
				58FFD99F2EFA2DF900C0A7DB /* RelayClient.swift */,
				58FFD9A02EFA2DF900C0A7DB /* ShareManager.swift */,
				58FFD9962EF71C1100C0A7DB /* CircleManager.swift */,
				58FFD9882EF4BB2800C0A7DB /* AuthManager.swift */,
				58FFD9302EF2900D00C0A7DB /* ChaingeKernel */,
				58FFD9342EF2900D00C0A7DB /* Database */,
				58FFD9372EF2900D00C0A7DB /* Models */,
			);
			path = Core;
			sourceTree = "<group>";
		};
		58FFD93A2EF2900D00C0A7DB /* CreateMemory */ = {
			isa = PBXGroup;
			children = (
				58FFD9772EF345DB00C0A7DB /* PhotoPicker.swift */,
				58FFD9392EF2900D00C0A7DB /* CreateMemoryView.swift */,
			);
			path = CreateMemory;
			sourceTree = "<group>";
		};
		58FFD93C2EF2900D00C0A7DB /* Timeline */ = {
			isa = PBXGroup;
			children = (
				58FFD97B2EF3462500C0A7DB /* MemoryDetailView.swift */,
				58FFD93B2EF2900D00C0A7DB /* TimelineView.swift */,
			);
			path = Timeline;
			sourceTree = "<group>";
		};
		58FFD93E2EF2900D00C0A7DB /* Features */ = {
			isa = PBXGroup;
			children = (
				58FFD9AA2EFA2E6600C0A7DB /* Share */,
				58FFD99B2EF71C2900C0A7DB /* Circle */,
				58FFD98E2EF4BBB600C0A7DB /* Profile */,
				58FFD98B2EF4BBA300C0A7DB /* Auth */,
				58FFD93A2EF2900D00C0A7DB /* CreateMemory */,
				58FFD93C2EF2900D00C0A7DB /* Timeline */,
				58FFD93D2EF2900D00C0A7DB /* MainTabView.swift */,
			);
			path = Features;
			sourceTree = "<group>";
		};
		58FFD9402EF2900D00C0A7DB /* Resources */ = {
			isa = PBXGroup;
			children = (
				58FFD93F2EF2900D00C0A7DB /* Info-Template.plist */,
			);
			path = Resources;
			sourceTree = "<group>";
		};
		58FFD9442EF2900D00C0A7DB /* Utilities */ = {
			isa = PBXGroup;
			children = (
				58FFD9412EF2900D00C0A7DB /* Colors.swift */,
				58FFD9422EF2900D00C0A7DB /* Spacing.swift */,
				58FFD9432EF2900D00C0A7DB /* Typography.swift */,
			);
			path = Utilities;
			sourceTree = "<group>";
		};
		58FFD9472EF2900D00C0A7DB /* Views */ = {
			isa = PBXGroup;
			children = (
				58FFD9812EF3470A00C0A7DB /* ImageCarousel.swift */,
				58FFD9452EF2900D00C0A7DB /* EffectTag.swift */,
				58FFD9462EF2900D00C0A7DB /* MemoryCard.swift */,
			);
			path = Views;
			sourceTree = "<group>";
		};
		58FFD9482EF2900D00C0A7DB /* Shared */ = {
			isa = PBXGroup;
			children = (
				58FFD9442EF2900D00C0A7DB /* Utilities */,
				58FFD9472EF2900D00C0A7DB /* Views */,
			);
			path = Shared;
			sourceTree = "<group>";
		};
		58FFD94A2EF2900D00C0A7DB /* Buds */ = {
			isa = PBXGroup;
			children = (
				58FFD9852EF4A19C00C0A7DB /* Buds.entitlements */,
				58FFD9292EF2900D00C0A7DB /* App */,
				58FFD9382EF2900D00C0A7DB /* Core */,
				58FFD93E2EF2900D00C0A7DB /* Features */,
				58FFD9402EF2900D00C0A7DB /* Resources */,
				58FFD9482EF2900D00C0A7DB /* Shared */,
				58FFD9492EF2900D00C0A7DB /* Assets.xcassets */,
				58FFD9902EF5C80500C0A7DB /* GoogleService-Info.plist */,
			);
			path = Buds;
			sourceTree = "<group>";
		};
		58FFD98B2EF4BBA300C0A7DB /* Auth */ = {
			isa = PBXGroup;
			children = (
				58FFD98A2EF4BBA300C0A7DB /* PhoneAuthView.swift */,
			);
			path = Auth;
			sourceTree = "<group>";
		};
		58FFD98E2EF4BBB600C0A7DB /* Profile */ = {
			isa = PBXGroup;
			children = (
				58FFD98D2EF4BBB600C0A7DB /* ProfileView.swift */,
			);
			path = Profile;
			sourceTree = "<group>";
		};
		58FFD99B2EF71C2900C0A7DB /* Circle */ = {
			isa = PBXGroup;
			children = (
				58FFD9982EF71C2900C0A7DB /* AddMemberView.swift */,
				58FFD9992EF71C2900C0A7DB /* CircleView.swift */,
				58FFD99A2EF71C2900C0A7DB /* MemberDetailView.swift */,
			);
			path = Circle;
			sourceTree = "<group>";
		};
		58FFD9AA2EFA2E6600C0A7DB /* Share */ = {
			isa = PBXGroup;
			children = (
				58FFD9A92EFA2E6600C0A7DB /* ShareToCircleView.swift */,
			);
			path = Share;
			sourceTree = "<group>";
		};
/* End PBXGroup section */

/* Begin PBXNativeTarget section */
		58FFD8C82EF28ECE00C0A7DB /* Buds */ = {
			isa = PBXNativeTarget;
			buildConfigurationList = 58FFD8EA2EF28ED100C0A7DB /* Build configuration list for PBXNativeTarget "Buds" */;
			buildPhases = (
				58FFD8C52EF28ECE00C0A7DB /* Sources */,
				58FFD8C62EF28ECE00C0A7DB /* Frameworks */,
				58FFD8C72EF28ECE00C0A7DB /* Resources */,
			);
			buildRules = (
			);
			dependencies = (
			);
			name = Buds;
			packageProductDependencies = (
				58FFD9612EF2907500C0A7DB /* GRDB */,
				58FFD9642EF291B100C0A7DB /* FirebaseAuth */,
				58FFD9662EF291B100C0A7DB /* FirebaseMessaging */,
			);
			productName = Buds;
			productReference = 58FFD8C92EF28ECE00C0A7DB /* Buds.app */;
			productType = "com.apple.product-type.application";
		};
		58FFD8D52EF28ED100C0A7DB /* BudsTests */ = {
			isa = PBXNativeTarget;
			buildConfigurationList = 58FFD8ED2EF28ED100C0A7DB /* Build configuration list for PBXNativeTarget "BudsTests" */;
			buildPhases = (
				58FFD8D22EF28ED100C0A7DB /* Sources */,
				58FFD8D32EF28ED100C0A7DB /* Frameworks */,
				58FFD8D42EF28ED100C0A7DB /* Resources */,
			);
			buildRules = (
			);
			dependencies = (
				58FFD8D82EF28ED100C0A7DB /* PBXTargetDependency */,
			);
			fileSystemSynchronizedGroups = (
				58FFD8D92EF28ED100C0A7DB /* BudsTests */,
			);
			name = BudsTests;
			packageProductDependencies = (
			);
			productName = BudsTests;
			productReference = 58FFD8D62EF28ED100C0A7DB /* BudsTests.xctest */;
			productType = "com.apple.product-type.bundle.unit-test";
		};
		58FFD8DF2EF28ED100C0A7DB /* BudsUITests */ = {
			isa = PBXNativeTarget;
			buildConfigurationList = 58FFD8F02EF28ED100C0A7DB /* Build configuration list for PBXNativeTarget "BudsUITests" */;
			buildPhases = (
				58FFD8DC2EF28ED100C0A7DB /* Sources */,
				58FFD8DD2EF28ED100C0A7DB /* Frameworks */,
				58FFD8DE2EF28ED100C0A7DB /* Resources */,
			);
			buildRules = (
			);
			dependencies = (
				58FFD8E22EF28ED100C0A7DB /* PBXTargetDependency */,
			);
			fileSystemSynchronizedGroups = (
				58FFD8E32EF28ED100C0A7DB /* BudsUITests */,
			);
			name = BudsUITests;
			packageProductDependencies = (
			);
			productName = BudsUITests;
			productReference = 58FFD8E02EF28ED100C0A7DB /* BudsUITests.xctest */;
			productType = "com.apple.product-type.bundle.ui-testing";
		};
/* End PBXNativeTarget section */

/* Begin PBXProject section */
		58FFD8C12EF28ECE00C0A7DB /* Project object */ = {
			isa = PBXProject;
			attributes = {
				BuildIndependentTargetsInParallel = 1;
				LastSwiftUpdateCheck = 2600;
				LastUpgradeCheck = 2600;
				TargetAttributes = {
					58FFD8C82EF28ECE00C0A7DB = {
						CreatedOnToolsVersion = 26.0.1;
					};
					58FFD8D52EF28ED100C0A7DB = {
						CreatedOnToolsVersion = 26.0.1;
						TestTargetID = 58FFD8C82EF28ECE00C0A7DB;
					};
					58FFD8DF2EF28ED100C0A7DB = {
						CreatedOnToolsVersion = 26.0.1;
						TestTargetID = 58FFD8C82EF28ECE00C0A7DB;
					};
				};
			};
			buildConfigurationList = 58FFD8C42EF28ECE00C0A7DB /* Build configuration list for PBXProject "Buds" */;
			developmentRegion = en;
			hasScannedForEncodings = 0;
			knownRegions = (
				en,
				Base,
			);
			mainGroup = 58FFD8C02EF28ECE00C0A7DB;
			minimizedProjectReferenceProxies = 1;
			packageReferences = (
				58FFD9602EF2907500C0A7DB /* XCRemoteSwiftPackageReference "GRDB" */,
				58FFD9632EF291B100C0A7DB /* XCRemoteSwiftPackageReference "firebase-ios-sdk" */,
			);
			preferredProjectObjectVersion = 77;
			productRefGroup = 58FFD8CA2EF28ECE00C0A7DB /* Products */;
			projectDirPath = "";
			projectRoot = "";
			targets = (
				58FFD8C82EF28ECE00C0A7DB /* Buds */,
				58FFD8D52EF28ED100C0A7DB /* BudsTests */,
				58FFD8DF2EF28ED100C0A7DB /* BudsUITests */,
			);
		};
/* End PBXProject section */

/* Begin PBXResourcesBuildPhase section */
		58FFD8C72EF28ECE00C0A7DB /* Resources */ = {
			isa = PBXResourcesBuildPhase;
			buildActionMask = 2147483647;
			files = (
				58FFD94B2EF2900D00C0A7DB /* Info-Template.plist in Resources */,
				58FFD9912EF5C80500C0A7DB /* GoogleService-Info.plist in Resources */,
				58FFD94C2EF2900D00C0A7DB /* Assets.xcassets in Resources */,
			);
			runOnlyForDeploymentPostprocessing = 0;
		};
		58FFD8D42EF28ED100C0A7DB /* Resources */ = {
			isa = PBXResourcesBuildPhase;
			buildActionMask = 2147483647;
			files = (
			);
			runOnlyForDeploymentPostprocessing = 0;
		};
		58FFD8DE2EF28ED100C0A7DB /* Resources */ = {
			isa = PBXResourcesBuildPhase;
			buildActionMask = 2147483647;
			files = (
			);
			runOnlyForDeploymentPostprocessing = 0;
		};
/* End PBXResourcesBuildPhase section */

/* Begin PBXSourcesBuildPhase section */
		58FFD8C52EF28ECE00C0A7DB /* Sources */ = {
			isa = PBXSourcesBuildPhase;
			buildActionMask = 2147483647;
			files = (
				58FFD94D2EF2900D00C0A7DB /* BudsApp.swift in Sources */,
				58FFD9892EF4BB2800C0A7DB /* AuthManager.swift in Sources */,
				58FFD9942EF71BFE00C0A7DB /* CircleMember.swift in Sources */,
				58FFD9A12EFA2DF900C0A7DB /* ShareManager.swift in Sources */,
				58FFD9AD2EFC945600C0A7DB /* InboxManager.swift in Sources */,
				58FFD9A22EFA2DF900C0A7DB /* RelayClient.swift in Sources */,
				58FFD9952EF71BFE00C0A7DB /* Device.swift in Sources */,
				58FFD94E2EF2900D00C0A7DB /* CBORCanonical.swift in Sources */,
				58FFD94F2EF2900D00C0A7DB /* CBOREncoder.swift in Sources */,
				58FFD9502EF2900D00C0A7DB /* CBORValue.swift in Sources */,
				58FFD98C2EF4BBA300C0A7DB /* PhoneAuthView.swift in Sources */,
				58FFD9512EF2900D00C0A7DB /* IdentityManager.swift in Sources */,
				58FFD98F2EF4BBB600C0A7DB /* ProfileView.swift in Sources */,
				58FFD9522EF2900D00C0A7DB /* ReceiptCanonicalizer.swift in Sources */,
				58FFD9532EF2900D00C0A7DB /* ReceiptManager.swift in Sources */,
				58FFD9542EF2900D00C0A7DB /* MemoryRepository.swift in Sources */,
				58FFD9552EF2900D00C0A7DB /* Database.swift in Sources */,
				58FFD9562EF2900D00C0A7DB /* Memory.swift in Sources */,
				58FFD9A52EFA2E2B00C0A7DB /* DeviceManager.swift in Sources */,
				58FFD9B12EFCDA2400C0A7DB /* EncryptedMessage.swift in Sources */,
				58FFD9A62EFA2E2B00C0A7DB /* E2EEManager.swift in Sources */,
				58FFD9572EF2900D00C0A7DB /* UCRHeader.swift in Sources */,
				58FFD9782EF345DB00C0A7DB /* PhotoPicker.swift in Sources */,
				58FFD9582EF2900D00C0A7DB /* CreateMemoryView.swift in Sources */,
				58FFD9592EF2900D00C0A7DB /* TimelineView.swift in Sources */,
				58FFD95A2EF2900D00C0A7DB /* MainTabView.swift in Sources */,
				58FFD97C2EF3462500C0A7DB /* MemoryDetailView.swift in Sources */,
				58FFD9AF2EFCD9F200C0A7DB /* CBORDecoder.swift in Sources */,
				58FFD95B2EF2900D00C0A7DB /* Colors.swift in Sources */,
				58FFD95C2EF2900D00C0A7DB /* Spacing.swift in Sources */,
				58FFD99C2EF71C2900C0A7DB /* MemberDetailView.swift in Sources */,
				58FFD99D2EF71C2900C0A7DB /* CircleView.swift in Sources */,
				58FFD99E2EF71C2900C0A7DB /* AddMemberView.swift in Sources */,
				58FFD95D2EF2900D00C0A7DB /* Typography.swift in Sources */,
				58FFD9822EF3470A00C0A7DB /* ImageCarousel.swift in Sources */,
				58FFD9AB2EFA2E6600C0A7DB /* ShareToCircleView.swift in Sources */,
				58FFD95E2EF2900D00C0A7DB /* EffectTag.swift in Sources */,
				58FFD95F2EF2900D00C0A7DB /* MemoryCard.swift in Sources */,
				58FFD9972EF71C1100C0A7DB /* CircleManager.swift in Sources */,
			);
			runOnlyForDeploymentPostprocessing = 0;
		};
		58FFD8D22EF28ED100C0A7DB /* Sources */ = {
			isa = PBXSourcesBuildPhase;
			buildActionMask = 2147483647;
			files = (
			);
			runOnlyForDeploymentPostprocessing = 0;
		};
		58FFD8DC2EF28ED100C0A7DB /* Sources */ = {
			isa = PBXSourcesBuildPhase;
			buildActionMask = 2147483647;
			files = (
			);
			runOnlyForDeploymentPostprocessing = 0;
		};
/* End PBXSourcesBuildPhase section */

/* Begin PBXTargetDependency section */
		58FFD8D82EF28ED100C0A7DB /* PBXTargetDependency */ = {
			isa = PBXTargetDependency;
			target = 58FFD8C82EF28ECE00C0A7DB /* Buds */;
			targetProxy = 58FFD8D72EF28ED100C0A7DB /* PBXContainerItemProxy */;
		};
		58FFD8E22EF28ED100C0A7DB /* PBXTargetDependency */ = {
			isa = PBXTargetDependency;
			target = 58FFD8C82EF28ECE00C0A7DB /* Buds */;
			targetProxy = 58FFD8E12EF28ED100C0A7DB /* PBXContainerItemProxy */;
		};
/* End PBXTargetDependency section */

/* Begin XCBuildConfiguration section */
		58FFD8E82EF28ED100C0A7DB /* Debug */ = {
			isa = XCBuildConfiguration;
			buildSettings = {
				ALWAYS_SEARCH_USER_PATHS = NO;
				ASSETCATALOG_COMPILER_GENERATE_SWIFT_ASSET_SYMBOL_EXTENSIONS = YES;
				CLANG_ANALYZER_NONNULL = YES;
				CLANG_ANALYZER_NUMBER_OBJECT_CONVERSION = YES_AGGRESSIVE;
				CLANG_CXX_LANGUAGE_STANDARD = "gnu++20";
				CLANG_ENABLE_MODULES = YES;
				CLANG_ENABLE_OBJC_ARC = YES;
				CLANG_ENABLE_OBJC_WEAK = YES;
				CLANG_WARN_BLOCK_CAPTURE_AUTORELEASING = YES;
				CLANG_WARN_BOOL_CONVERSION = YES;
				CLANG_WARN_COMMA = YES;
				CLANG_WARN_CONSTANT_CONVERSION = YES;
				CLANG_WARN_DEPRECATED_OBJC_IMPLEMENTATIONS = YES;
				CLANG_WARN_DIRECT_OBJC_ISA_USAGE = YES_ERROR;
				CLANG_WARN_DOCUMENTATION_COMMENTS = YES;
				CLANG_WARN_EMPTY_BODY = YES;
				CLANG_WARN_ENUM_CONVERSION = YES;
				CLANG_WARN_INFINITE_RECURSION = YES;
				CLANG_WARN_INT_CONVERSION = YES;
				CLANG_WARN_NON_LITERAL_NULL_CONVERSION = YES;
				CLANG_WARN_OBJC_IMPLICIT_RETAIN_SELF = YES;
				CLANG_WARN_OBJC_LITERAL_CONVERSION = YES;
				CLANG_WARN_OBJC_ROOT_CLASS = YES_ERROR;
				CLANG_WARN_QUOTED_INCLUDE_IN_FRAMEWORK_HEADER = YES;
				CLANG_WARN_RANGE_LOOP_ANALYSIS = YES;
				CLANG_WARN_STRICT_PROTOTYPES = YES;
				CLANG_WARN_SUSPICIOUS_MOVE = YES;
				CLANG_WARN_UNGUARDED_AVAILABILITY = YES_AGGRESSIVE;
				CLANG_WARN_UNREACHABLE_CODE = YES;
				CLANG_WARN__DUPLICATE_METHOD_MATCH = YES;
				COPY_PHASE_STRIP = NO;
				DEBUG_INFORMATION_FORMAT = dwarf;
				DEVELOPMENT_TEAM = UVF3TRAKZM;
				ENABLE_STRICT_OBJC_MSGSEND = YES;
				ENABLE_TESTABILITY = YES;
				ENABLE_USER_SCRIPT_SANDBOXING = YES;
				GCC_C_LANGUAGE_STANDARD = gnu17;
				GCC_DYNAMIC_NO_PIC = NO;
				GCC_NO_COMMON_BLOCKS = YES;
				GCC_OPTIMIZATION_LEVEL = 0;
				GCC_PREPROCESSOR_DEFINITIONS = (
					"DEBUG=1",
					"$(inherited)",
				);
				GCC_WARN_64_TO_32_BIT_CONVERSION = YES;
				GCC_WARN_ABOUT_RETURN_TYPE = YES_ERROR;
				GCC_WARN_UNDECLARED_SELECTOR = YES;
				GCC_WARN_UNINITIALIZED_AUTOS = YES_AGGRESSIVE;
				GCC_WARN_UNUSED_FUNCTION = YES;
				GCC_WARN_UNUSED_VARIABLE = YES;
				IPHONEOS_DEPLOYMENT_TARGET = 26.0;
				LOCALIZATION_PREFERS_STRING_CATALOGS = YES;
				MTL_ENABLE_DEBUG_INFO = INCLUDE_SOURCE;
				MTL_FAST_MATH = YES;
				ONLY_ACTIVE_ARCH = YES;
				SDKROOT = iphoneos;
				SWIFT_ACTIVE_COMPILATION_CONDITIONS = "DEBUG $(inherited)";
				SWIFT_OPTIMIZATION_LEVEL = "-Onone";
			};
			name = Debug;
		};
		58FFD8E92EF28ED100C0A7DB /* Release */ = {
			isa = XCBuildConfiguration;
			buildSettings = {
				ALWAYS_SEARCH_USER_PATHS = NO;
				ASSETCATALOG_COMPILER_GENERATE_SWIFT_ASSET_SYMBOL_EXTENSIONS = YES;
				CLANG_ANALYZER_NONNULL = YES;
				CLANG_ANALYZER_NUMBER_OBJECT_CONVERSION = YES_AGGRESSIVE;
				CLANG_CXX_LANGUAGE_STANDARD = "gnu++20";
				CLANG_ENABLE_MODULES = YES;
				CLANG_ENABLE_OBJC_ARC = YES;
				CLANG_ENABLE_OBJC_WEAK = YES;
				CLANG_WARN_BLOCK_CAPTURE_AUTORELEASING = YES;
				CLANG_WARN_BOOL_CONVERSION = YES;
				CLANG_WARN_COMMA = YES;
				CLANG_WARN_CONSTANT_CONVERSION = YES;
				CLANG_WARN_DEPRECATED_OBJC_IMPLEMENTATIONS = YES;
				CLANG_WARN_DIRECT_OBJC_ISA_USAGE = YES_ERROR;
				CLANG_WARN_DOCUMENTATION_COMMENTS = YES;
				CLANG_WARN_EMPTY_BODY = YES;
				CLANG_WARN_ENUM_CONVERSION = YES;
				CLANG_WARN_INFINITE_RECURSION = YES;
				CLANG_WARN_INT_CONVERSION = YES;
				CLANG_WARN_NON_LITERAL_NULL_CONVERSION = YES;
				CLANG_WARN_OBJC_IMPLICIT_RETAIN_SELF = YES;
				CLANG_WARN_OBJC_LITERAL_CONVERSION = YES;
				CLANG_WARN_OBJC_ROOT_CLASS = YES_ERROR;
				CLANG_WARN_QUOTED_INCLUDE_IN_FRAMEWORK_HEADER = YES;
				CLANG_WARN_RANGE_LOOP_ANALYSIS = YES;
				CLANG_WARN_STRICT_PROTOTYPES = YES;
				CLANG_WARN_SUSPICIOUS_MOVE = YES;
				CLANG_WARN_UNGUARDED_AVAILABILITY = YES_AGGRESSIVE;
				CLANG_WARN_UNREACHABLE_CODE = YES;
				CLANG_WARN__DUPLICATE_METHOD_MATCH = YES;
				COPY_PHASE_STRIP = NO;
				DEBUG_INFORMATION_FORMAT = "dwarf-with-dsym";
				DEVELOPMENT_TEAM = UVF3TRAKZM;
				ENABLE_NS_ASSERTIONS = NO;
				ENABLE_STRICT_OBJC_MSGSEND = YES;
				ENABLE_USER_SCRIPT_SANDBOXING = YES;
				GCC_C_LANGUAGE_STANDARD = gnu17;
				GCC_NO_COMMON_BLOCKS = YES;
				GCC_WARN_64_TO_32_BIT_CONVERSION = YES;
				GCC_WARN_ABOUT_RETURN_TYPE = YES_ERROR;
				GCC_WARN_UNDECLARED_SELECTOR = YES;
				GCC_WARN_UNINITIALIZED_AUTOS = YES_AGGRESSIVE;
				GCC_WARN_UNUSED_FUNCTION = YES;
				GCC_WARN_UNUSED_VARIABLE = YES;
				IPHONEOS_DEPLOYMENT_TARGET = 26.0;
				LOCALIZATION_PREFERS_STRING_CATALOGS = YES;
				MTL_ENABLE_DEBUG_INFO = NO;
				MTL_FAST_MATH = YES;
				SDKROOT = iphoneos;
				SWIFT_COMPILATION_MODE = wholemodule;
				VALIDATE_PRODUCT = YES;
			};
			name = Release;
		};
		58FFD8EB2EF28ED100C0A7DB /* Debug */ = {
			isa = XCBuildConfiguration;
			buildSettings = {
				ASSETCATALOG_COMPILER_APPICON_NAME = AppIcon;
				ASSETCATALOG_COMPILER_GLOBAL_ACCENT_COLOR_NAME = AccentColor;
				CODE_SIGN_ENTITLEMENTS = Buds/Buds.entitlements;
				CODE_SIGN_STYLE = Automatic;
				CURRENT_PROJECT_VERSION = 1;
				DEVELOPMENT_TEAM = UVF3TRAKZM;
				ENABLE_PREVIEWS = YES;
				GENERATE_INFOPLIST_FILE = YES;
				INFOPLIST_FILE = Buds/Info.plist;
				INFOPLIST_KEY_CFBundleDisplayName = "";
				INFOPLIST_KEY_LSApplicationCategoryType = "public.app-category.social-networking";
				INFOPLIST_KEY_NSCameraUsageDescription = "Buds needs camera access to capture photos of your cannabis memories.";
				INFOPLIST_KEY_NSPhotoLibraryAddUsageDescription = "Buds needs permission to save photos to your library.";
				INFOPLIST_KEY_NSPhotoLibraryUsageDescription = "Buds needs photo library access to select and save cannabis memory photos.";
				INFOPLIST_KEY_UIApplicationSupportsIndirectInputEvents = YES;
				INFOPLIST_KEY_UIStatusBarStyle = "";
				INFOPLIST_KEY_UISupportedInterfaceOrientations_iPhone = UIInterfaceOrientationPortrait;
				IPHONEOS_DEPLOYMENT_TARGET = 17.0;
				LD_RUNPATH_SEARCH_PATHS = (
					"$(inherited)",
					"@executable_path/Frameworks",
				);
				MARKETING_VERSION = 1;
				PRODUCT_BUNDLE_IDENTIFIER = app.getbuds.buds;
				PRODUCT_NAME = "$(TARGET_NAME)";
				STRING_CATALOG_GENERATE_SYMBOLS = YES;
				SUPPORTED_PLATFORMS = "iphoneos iphonesimulator";
				SUPPORTS_MACCATALYST = NO;
				SUPPORTS_MAC_DESIGNED_FOR_IPHONE_IPAD = NO;
				SUPPORTS_XR_DESIGNED_FOR_IPHONE_IPAD = NO;
				SWIFT_APPROACHABLE_CONCURRENCY = YES;
				SWIFT_DEFAULT_ACTOR_ISOLATION = MainActor;
				SWIFT_EMIT_LOC_STRINGS = YES;
				SWIFT_UPCOMING_FEATURE_MEMBER_IMPORT_VISIBILITY = YES;
				SWIFT_VERSION = 5.0;
				TARGETED_DEVICE_FAMILY = 1;
			};
			name = Debug;
		};
		58FFD8EC2EF28ED100C0A7DB /* Release */ = {
			isa = XCBuildConfiguration;
			buildSettings = {
				ASSETCATALOG_COMPILER_APPICON_NAME = AppIcon;
				ASSETCATALOG_COMPILER_GLOBAL_ACCENT_COLOR_NAME = AccentColor;
				CODE_SIGN_ENTITLEMENTS = Buds/Buds.entitlements;
				CODE_SIGN_STYLE = Automatic;
				CURRENT_PROJECT_VERSION = 1;
				DEVELOPMENT_TEAM = UVF3TRAKZM;
				ENABLE_PREVIEWS = YES;
				GENERATE_INFOPLIST_FILE = YES;
				INFOPLIST_FILE = Buds/Info.plist;
				INFOPLIST_KEY_CFBundleDisplayName = "";
				INFOPLIST_KEY_LSApplicationCategoryType = "public.app-category.social-networking";
				INFOPLIST_KEY_NSCameraUsageDescription = "Buds needs camera access to capture photos of your cannabis memories.";
				INFOPLIST_KEY_NSPhotoLibraryAddUsageDescription = "Buds needs permission to save photos to your library.";
				INFOPLIST_KEY_NSPhotoLibraryUsageDescription = "Buds needs photo library access to select and save cannabis memory photos.";
				INFOPLIST_KEY_UIApplicationSupportsIndirectInputEvents = YES;
				INFOPLIST_KEY_UIStatusBarStyle = "";
				INFOPLIST_KEY_UISupportedInterfaceOrientations_iPhone = UIInterfaceOrientationPortrait;
				IPHONEOS_DEPLOYMENT_TARGET = 17.0;
				LD_RUNPATH_SEARCH_PATHS = (
					"$(inherited)",
					"@executable_path/Frameworks",
				);
				MARKETING_VERSION = 1;
				PRODUCT_BUNDLE_IDENTIFIER = app.getbuds.buds;
				PRODUCT_NAME = "$(TARGET_NAME)";
				STRING_CATALOG_GENERATE_SYMBOLS = YES;
				SUPPORTED_PLATFORMS = "iphoneos iphonesimulator";
				SUPPORTS_MACCATALYST = NO;
				SUPPORTS_MAC_DESIGNED_FOR_IPHONE_IPAD = NO;
				SUPPORTS_XR_DESIGNED_FOR_IPHONE_IPAD = NO;
				SWIFT_APPROACHABLE_CONCURRENCY = YES;
				SWIFT_DEFAULT_ACTOR_ISOLATION = MainActor;
				SWIFT_EMIT_LOC_STRINGS = YES;
				SWIFT_UPCOMING_FEATURE_MEMBER_IMPORT_VISIBILITY = YES;
				SWIFT_VERSION = 5.0;
				TARGETED_DEVICE_FAMILY = 1;
			};
			name = Release;
		};
		58FFD8EE2EF28ED100C0A7DB /* Debug */ = {
			isa = XCBuildConfiguration;
			buildSettings = {
				BUNDLE_LOADER = "$(TEST_HOST)";
				CODE_SIGN_STYLE = Automatic;
				CURRENT_PROJECT_VERSION = 1;
				DEVELOPMENT_TEAM = UVF3TRAKZM;
				GENERATE_INFOPLIST_FILE = YES;
				IPHONEOS_DEPLOYMENT_TARGET = 26.0;
				MARKETING_VERSION = 1.0;
				PRODUCT_BUNDLE_IDENTIFIER = app.getbuds.BudsTests;
				PRODUCT_NAME = "$(TARGET_NAME)";
				STRING_CATALOG_GENERATE_SYMBOLS = NO;
				SWIFT_APPROACHABLE_CONCURRENCY = YES;
				SWIFT_EMIT_LOC_STRINGS = NO;
				SWIFT_UPCOMING_FEATURE_MEMBER_IMPORT_VISIBILITY = YES;
				SWIFT_VERSION = 5.0;
				TARGETED_DEVICE_FAMILY = "1,2";
				TEST_HOST = "$(BUILT_PRODUCTS_DIR)/Buds.app/$(BUNDLE_EXECUTABLE_FOLDER_PATH)/Buds";
			};
			name = Debug;
		};
		58FFD8EF2EF28ED100C0A7DB /* Release */ = {
			isa = XCBuildConfiguration;
			buildSettings = {
				BUNDLE_LOADER = "$(TEST_HOST)";
				CODE_SIGN_STYLE = Automatic;
				CURRENT_PROJECT_VERSION = 1;
				DEVELOPMENT_TEAM = UVF3TRAKZM;
				GENERATE_INFOPLIST_FILE = YES;
				IPHONEOS_DEPLOYMENT_TARGET = 26.0;
				MARKETING_VERSION = 1.0;
				PRODUCT_BUNDLE_IDENTIFIER = app.getbuds.BudsTests;
				PRODUCT_NAME = "$(TARGET_NAME)";
				STRING_CATALOG_GENERATE_SYMBOLS = NO;
				SWIFT_APPROACHABLE_CONCURRENCY = YES;
				SWIFT_EMIT_LOC_STRINGS = NO;
				SWIFT_UPCOMING_FEATURE_MEMBER_IMPORT_VISIBILITY = YES;
				SWIFT_VERSION = 5.0;
				TARGETED_DEVICE_FAMILY = "1,2";
				TEST_HOST = "$(BUILT_PRODUCTS_DIR)/Buds.app/$(BUNDLE_EXECUTABLE_FOLDER_PATH)/Buds";
			};
			name = Release;
		};
		58FFD8F12EF28ED100C0A7DB /* Debug */ = {
			isa = XCBuildConfiguration;
			buildSettings = {
				CODE_SIGN_STYLE = Automatic;
				CURRENT_PROJECT_VERSION = 1;
				DEVELOPMENT_TEAM = UVF3TRAKZM;
				GENERATE_INFOPLIST_FILE = YES;
				MARKETING_VERSION = 1.0;
				PRODUCT_BUNDLE_IDENTIFIER = app.getbuds.BudsUITests;
				PRODUCT_NAME = "$(TARGET_NAME)";
				STRING_CATALOG_GENERATE_SYMBOLS = NO;
				SWIFT_APPROACHABLE_CONCURRENCY = YES;
				SWIFT_EMIT_LOC_STRINGS = NO;
				SWIFT_UPCOMING_FEATURE_MEMBER_IMPORT_VISIBILITY = YES;
				SWIFT_VERSION = 5.0;
				TARGETED_DEVICE_FAMILY = "1,2";
				TEST_TARGET_NAME = Buds;
			};
			name = Debug;
		};
		58FFD8F22EF28ED100C0A7DB /* Release */ = {
			isa = XCBuildConfiguration;
			buildSettings = {
				CODE_SIGN_STYLE = Automatic;
				CURRENT_PROJECT_VERSION = 1;
				DEVELOPMENT_TEAM = UVF3TRAKZM;
				GENERATE_INFOPLIST_FILE = YES;
				MARKETING_VERSION = 1.0;
				PRODUCT_BUNDLE_IDENTIFIER = app.getbuds.BudsUITests;
				PRODUCT_NAME = "$(TARGET_NAME)";
				STRING_CATALOG_GENERATE_SYMBOLS = NO;
				SWIFT_APPROACHABLE_CONCURRENCY = YES;
				SWIFT_EMIT_LOC_STRINGS = NO;
				SWIFT_UPCOMING_FEATURE_MEMBER_IMPORT_VISIBILITY = YES;
				SWIFT_VERSION = 5.0;
				TARGETED_DEVICE_FAMILY = "1,2";
				TEST_TARGET_NAME = Buds;
			};
			name = Release;
		};
/* End XCBuildConfiguration section */

/* Begin XCConfigurationList section */
		58FFD8C42EF28ECE00C0A7DB /* Build configuration list for PBXProject "Buds" */ = {
			isa = XCConfigurationList;
			buildConfigurations = (
				58FFD8E82EF28ED100C0A7DB /* Debug */,
				58FFD8E92EF28ED100C0A7DB /* Release */,
			);
			defaultConfigurationIsVisible = 0;
			defaultConfigurationName = Release;
		};
		58FFD8EA2EF28ED100C0A7DB /* Build configuration list for PBXNativeTarget "Buds" */ = {
			isa = XCConfigurationList;
			buildConfigurations = (
				58FFD8EB2EF28ED100C0A7DB /* Debug */,
				58FFD8EC2EF28ED100C0A7DB /* Release */,
			);
			defaultConfigurationIsVisible = 0;
			defaultConfigurationName = Release;
		};
		58FFD8ED2EF28ED100C0A7DB /* Build configuration list for PBXNativeTarget "BudsTests" */ = {
			isa = XCConfigurationList;
			buildConfigurations = (
				58FFD8EE2EF28ED100C0A7DB /* Debug */,
				58FFD8EF2EF28ED100C0A7DB /* Release */,
			);
			defaultConfigurationIsVisible = 0;
			defaultConfigurationName = Release;
		};
		58FFD8F02EF28ED100C0A7DB /* Build configuration list for PBXNativeTarget "BudsUITests" */ = {
			isa = XCConfigurationList;
			buildConfigurations = (
				58FFD8F12EF28ED100C0A7DB /* Debug */,
				58FFD8F22EF28ED100C0A7DB /* Release */,
			);
			defaultConfigurationIsVisible = 0;
			defaultConfigurationName = Release;
		};
/* End XCConfigurationList section */

/* Begin XCRemoteSwiftPackageReference section */
		58FFD9602EF2907500C0A7DB /* XCRemoteSwiftPackageReference "GRDB" */ = {
			isa = XCRemoteSwiftPackageReference;
			repositoryURL = "https://github.com/groue/GRDB.swift";
			requirement = {
				branch = master;
				kind = branch;
			};
		};
		58FFD9632EF291B100C0A7DB /* XCRemoteSwiftPackageReference "firebase-ios-sdk" */ = {
			isa = XCRemoteSwiftPackageReference;
			repositoryURL = "https://github.com/firebase/firebase-ios-sdk";
			requirement = {
				kind = upToNextMajorVersion;
				minimumVersion = 12.7.0;
			};
		};
/* End XCRemoteSwiftPackageReference section */

/* Begin XCSwiftPackageProductDependency section */
		58FFD9612EF2907500C0A7DB /* GRDB */ = {
			isa = XCSwiftPackageProductDependency;
			package = 58FFD9602EF2907500C0A7DB /* XCRemoteSwiftPackageReference "GRDB" */;
			productName = GRDB;
		};
		58FFD9642EF291B100C0A7DB /* FirebaseAuth */ = {
			isa = XCSwiftPackageProductDependency;
			package = 58FFD9632EF291B100C0A7DB /* XCRemoteSwiftPackageReference "firebase-ios-sdk" */;
			productName = FirebaseAuth;
		};
		58FFD9662EF291B100C0A7DB /* FirebaseMessaging */ = {
			isa = XCSwiftPackageProductDependency;
			package = 58FFD9632EF291B100C0A7DB /* XCRemoteSwiftPackageReference "firebase-ios-sdk" */;
			productName = FirebaseMessaging;
		};
/* End XCSwiftPackageProductDependency section */
	};
	rootObject = 58FFD8C12EF28ECE00C0A7DB /* Project object */;
}
